
Microsoft Visual Studio Solution File, Format Version 12.00
# Visual Studio Version 17
VisualStudioVersion = 17.7.34031.279
MinimumVisualStudioVersion = 10.0.40219.1
Project("{FAE04EC0-301F-11D3-BF4B-00C04F79EFBC}") = "DXE_Utils", "DXE_Utils\DXE_Utils.csproj", "{DD5695FD-D1E0-42CF-AC2B-8763586E1E8A}"
EndProject
Global
	GlobalSection(SolutionConfigurationPlatforms) = preSolution
		Debug|Any CPU = Debug|Any CPU
		Release|Any CPU = Release|Any CPU
	EndGlobalSection
	GlobalSection(ProjectConfigurationPlatforms) = postSolution
		{DD5695FD-D1E0-42CF-AC2B-8763586E1E8A}.Debug|Any CPU.ActiveCfg = Debug|Any CPU
		{DD5695FD-D1E0-42CF-AC2B-8763586E1E8A}.Debug|Any CPU.Build.0 = Debug|Any CPU
		{DD5695FD-D1E0-42CF-AC2B-8763586E1E8A}.Release|Any CPU.ActiveCfg = Release|Any CPU
		{DD5695FD-D1E0-42CF-AC2B-8763586E1E8A}.Release|Any CPU.Build.0 = Release|Any CPU
	EndGlobalSection
	GlobalSection(SolutionProperties) = preSolution
		HideSolutionNode = FALSE
	EndGlobalSection
	GlobalSection(ExtensibilityGlobals) = postSolution
		SolutionGuid = {522EC4AF-97A4-48FF-8F9F-818E331052B3}
	EndGlobalSection
EndGlobal
